
Microsoft Visual Studio Solution File, Format Version 12.00
# Visual Studio 15
VisualStudioVersion = 15.0.28307.329
MinimumVisualStudioVersion = 10.0.40219.1
Project("{8BC9CEB8-8B4A-11D0-8D11-00A0C91BC942}") = "3rdTraining", "3rdTraining.vcxproj", "{93E0259A-BA0F-49E5-A793-D33F92DF32BD}"
EndProject
Global
	GlobalSection(SolutionConfigurationPlatforms) = preSolution
		Debug|x86 = Debug|x86
		Release|x86 = Release|x86
	EndGlobalSection
	GlobalSection(ProjectConfigurationPlatforms) = postSolution
		{93E0259A-BA0F-49E5-A793-D33F92DF32BD}.Debug|x86.ActiveCfg = Debug|Win32
		{93E0259A-BA0F-49E5-A793-D33F92DF32BD}.Debug|x86.Build.0 = Debug|Win32
		{93E0259A-BA0F-49E5-A793-D33F92DF32BD}.Release|x86.ActiveCfg = Release|Win32
		{93E0259A-BA0F-49E5-A793-D33F92DF32BD}.Release|x86.Build.0 = Release|Win32
	EndGlobalSection
	GlobalSection(SolutionProperties) = preSolution
		HideSolutionNode = FALSE
	EndGlobalSection
	GlobalSection(ExtensibilityGlobals) = postSolution
		SolutionGuid = {18CC278B-6923-4F74-BAFB-D06371D1E79D}
	EndGlobalSection
EndGlobal
